
Microsoft Visual Studio Solution File, Format Version 12.00
# Visual Studio 15
VisualStudioVersion = 15.0.27703.2042
MinimumVisualStudioVersion = 10.0.40219.1
Project("{FAE04EC0-301F-11D3-BF4B-00C04F79EFBC}") = "TotalImagePos", "TotalImagePos\TotalImagePos.csproj", "{7C841ED3-F35E-4A78-A70E-750C44F05025}"
EndProject
Global
	GlobalSection(SolutionConfigurationPlatforms) = preSolution
		Debug|Any CPU = Debug|Any CPU
		Release|Any CPU = Release|Any CPU
	EndGlobalSection
	GlobalSection(ProjectConfigurationPlatforms) = postSolution
		{7C841ED3-F35E-4A78-A70E-750C44F05025}.Debug|Any CPU.ActiveCfg = Debug|Any CPU
		{7C841ED3-F35E-4A78-A70E-750C44F05025}.Debug|Any CPU.Build.0 = Debug|Any CPU
		{7C841ED3-F35E-4A78-A70E-750C44F05025}.Release|Any CPU.ActiveCfg = Release|Any CPU
		{7C841ED3-F35E-4A78-A70E-750C44F05025}.Release|Any CPU.Build.0 = Release|Any CPU
	EndGlobalSection
	GlobalSection(SolutionProperties) = preSolution
		HideSolutionNode = FALSE
	EndGlobalSection
	GlobalSection(ExtensibilityGlobals) = postSolution
		SolutionGuid = {2B9B9887-BEE7-4CB3-939F-B7063F70AE98}
	EndGlobalSection
EndGlobal
